
Microsoft Visual Studio Solution File, Format Version 12.00
# Visual Studio Version 17
VisualStudioVersion = 17.0.31903.59
MinimumVisualStudioVersion = 10.0.40219.1
Project("{2150E333-8FDC-42A3-9474-1A3956D46DE8}") = "Api", "Api", "{D82C56D6-B2CD-F611-9E31-04638F7EC30E}"
EndProject
Project("{FAE04EC0-301F-11D3-BF4B-00C04F79EFBC}") = "LifeGames.Api", "Api\LifeGames.Api\LifeGames.Api.csproj", "{DA8BE7C1-A3A4-41DC-ADA0-A4982B1C40BD}"
EndProject
Project("{FAE04EC0-301F-11D3-BF4B-00C04F79EFBC}") = "LifeGames.Domain", "Domain\LifeGames.Domain\LifeGames.Domain.csproj", "{BA596C22-E443-4A45-845B-86075B8248B3}"
EndProject
Project("{FAE04EC0-301F-11D3-BF4B-00C04F79EFBC}") = "LifeGames.Application", "Application\LifeGames.Application\LifeGames.Application.csproj", "{857F9A81-9534-4DFC-9CEA-7D23857D7C71}"
EndProject
Project("{FAE04EC0-301F-11D3-BF4B-00C04F79EFBC}") = "LifeGames.Infrastructure", "Infrastructure\LifeGames.Infrastructure\LifeGames.Infrastructure.csproj", "{1B97F9C1-D7DA-46BC-BBDA-F65BD07B373D}"
EndProject
Project("{FAE04EC0-301F-11D3-BF4B-00C04F79EFBC}") = "LifeGames.Api.Tests", "Api\LifeGames.Api.Tests\LifeGames.Api.Tests.csproj", "{B4557CDC-1F89-4B64-A09C-47664BF8C152}"
EndProject
Project("{2150E333-8FDC-42A3-9474-1A3956D46DE8}") = "Application", "Application", "{A74F262E-BDE7-D5D2-89E9-785413424D0A}"
EndProject
Project("{FAE04EC0-301F-11D3-BF4B-00C04F79EFBC}") = "LifeGames.Application.Tests", "Application\LifeGames.Application.Tests\LifeGames.Application.Tests.csproj", "{DE6383CA-849C-4AAF-A067-EA4E8FBB83C6}"
EndProject
Project("{2150E333-8FDC-42A3-9474-1A3956D46DE8}") = "Domain", "Domain", "{996CEBED-A05B-5D42-3FF0-982E087A2599}"
EndProject
Project("{FAE04EC0-301F-11D3-BF4B-00C04F79EFBC}") = "LifeGames.Domain.Tests", "Domain\LifeGames.Domain.Tests\LifeGames.Domain.Tests.csproj", "{4B8AF036-F4AB-49FC-96C5-F1F8C3D9A958}"
EndProject
Project("{2150E333-8FDC-42A3-9474-1A3956D46DE8}") = "Infrastructure", "Infrastructure", "{DFEE68D8-A7D0-1A41-506C-9B74AA9A7B7B}"
EndProject
Project("{FAE04EC0-301F-11D3-BF4B-00C04F79EFBC}") = "LifeGames.Infrastructure.Tests", "Infrastructure\LifeGames.Infrastructure.Tests\LifeGames.Infrastructure.Tests.csproj", "{B9C25E42-6AD0-4E9A-8127-2AF63CA04432}"
EndProject
Global
	GlobalSection(SolutionConfigurationPlatforms) = preSolution
		Debug|Any CPU = Debug|Any CPU
		Debug|x64 = Debug|x64
		Debug|x86 = Debug|x86
		Release|Any CPU = Release|Any CPU
		Release|x64 = Release|x64
		Release|x86 = Release|x86
	EndGlobalSection
	GlobalSection(ProjectConfigurationPlatforms) = postSolution
		{DA8BE7C1-A3A4-41DC-ADA0-A4982B1C40BD}.Debug|Any CPU.ActiveCfg = Debug|Any CPU
		{DA8BE7C1-A3A4-41DC-ADA0-A4982B1C40BD}.Debug|Any CPU.Build.0 = Debug|Any CPU
		{DA8BE7C1-A3A4-41DC-ADA0-A4982B1C40BD}.Debug|x64.ActiveCfg = Debug|Any CPU
		{DA8BE7C1-A3A4-41DC-ADA0-A4982B1C40BD}.Debug|x64.Build.0 = Debug|Any CPU
		{DA8BE7C1-A3A4-41DC-ADA0-A4982B1C40BD}.Debug|x86.ActiveCfg = Debug|Any CPU
		{DA8BE7C1-A3A4-41DC-ADA0-A4982B1C40BD}.Debug|x86.Build.0 = Debug|Any CPU
		{DA8BE7C1-A3A4-41DC-ADA0-A4982B1C40BD}.Release|Any CPU.ActiveCfg = Release|Any CPU
		{DA8BE7C1-A3A4-41DC-ADA0-A4982B1C40BD}.Release|Any CPU.Build.0 = Release|Any CPU
		{DA8BE7C1-A3A4-41DC-ADA0-A4982B1C40BD}.Release|x64.ActiveCfg = Release|Any CPU
		{DA8BE7C1-A3A4-41DC-ADA0-A4982B1C40BD}.Release|x64.Build.0 = Release|Any CPU
		{DA8BE7C1-A3A4-41DC-ADA0-A4982B1C40BD}.Release|x86.ActiveCfg = Release|Any CPU
		{DA8BE7C1-A3A4-41DC-ADA0-A4982B1C40BD}.Release|x86.Build.0 = Release|Any CPU
		{BA596C22-E443-4A45-845B-86075B8248B3}.Debug|Any CPU.ActiveCfg = Debug|Any CPU
		{BA596C22-E443-4A45-845B-86075B8248B3}.Debug|Any CPU.Build.0 = Debug|Any CPU
		{BA596C22-E443-4A45-845B-86075B8248B3}.Debug|x64.ActiveCfg = Debug|Any CPU
		{BA596C22-E443-4A45-845B-86075B8248B3}.Debug|x64.Build.0 = Debug|Any CPU
		{BA596C22-E443-4A45-845B-86075B8248B3}.Debug|x86.ActiveCfg = Debug|Any CPU
		{BA596C22-E443-4A45-845B-86075B8248B3}.Debug|x86.Build.0 = Debug|Any CPU
		{BA596C22-E443-4A45-845B-86075B8248B3}.Release|Any CPU.ActiveCfg = Release|Any CPU
		{BA596C22-E443-4A45-845B-86075B8248B3}.Release|Any CPU.Build.0 = Release|Any CPU
		{BA596C22-E443-4A45-845B-86075B8248B3}.Release|x64.ActiveCfg = Release|Any CPU
		{BA596C22-E443-4A45-845B-86075B8248B3}.Release|x64.Build.0 = Release|Any CPU
		{BA596C22-E443-4A45-845B-86075B8248B3}.Release|x86.ActiveCfg = Release|Any CPU
		{BA596C22-E443-4A45-845B-86075B8248B3}.Release|x86.Build.0 = Release|Any CPU
		{857F9A81-9534-4DFC-9CEA-7D23857D7C71}.Debug|Any CPU.ActiveCfg = Debug|Any CPU
		{857F9A81-9534-4DFC-9CEA-7D23857D7C71}.Debug|Any CPU.Build.0 = Debug|Any CPU
		{857F9A81-9534-4DFC-9CEA-7D23857D7C71}.Debug|x64.ActiveCfg = Debug|Any CPU
		{857F9A81-9534-4DFC-9CEA-7D23857D7C71}.Debug|x64.Build.0 = Debug|Any CPU
		{857F9A81-9534-4DFC-9CEA-7D23857D7C71}.Debug|x86.ActiveCfg = Debug|Any CPU
		{857F9A81-9534-4DFC-9CEA-7D23857D7C71}.Debug|x86.Build.0 = Debug|Any CPU
		{857F9A81-9534-4DFC-9CEA-7D23857D7C71}.Release|Any CPU.ActiveCfg = Release|Any CPU
		{857F9A81-9534-4DFC-9CEA-7D23857D7C71}.Release|Any CPU.Build.0 = Release|Any CPU
		{857F9A81-9534-4DFC-9CEA-7D23857D7C71}.Release|x64.ActiveCfg = Release|Any CPU
		{857F9A81-9534-4DFC-9CEA-7D23857D7C71}.Release|x64.Build.0 = Release|Any CPU
		{857F9A81-9534-4DFC-9CEA-7D23857D7C71}.Release|x86.ActiveCfg = Release|Any CPU
		{857F9A81-9534-4DFC-9CEA-7D23857D7C71}.Release|x86.Build.0 = Release|Any CPU
		{1B97F9C1-D7DA-46BC-BBDA-F65BD07B373D}.Debug|Any CPU.ActiveCfg = Debug|Any CPU
		{1B97F9C1-D7DA-46BC-BBDA-F65BD07B373D}.Debug|Any CPU.Build.0 = Debug|Any CPU
		{1B97F9C1-D7DA-46BC-BBDA-F65BD07B373D}.Debug|x64.ActiveCfg = Debug|Any CPU
		{1B97F9C1-D7DA-46BC-BBDA-F65BD07B373D}.Debug|x64.Build.0 = Debug|Any CPU
		{1B97F9C1-D7DA-46BC-BBDA-F65BD07B373D}.Debug|x86.ActiveCfg = Debug|Any CPU
		{1B97F9C1-D7DA-46BC-BBDA-F65BD07B373D}.Debug|x86.Build.0 = Debug|Any CPU
		{1B97F9C1-D7DA-46BC-BBDA-F65BD07B373D}.Release|Any CPU.ActiveCfg = Release|Any CPU
		{1B97F9C1-D7DA-46BC-BBDA-F65BD07B373D}.Release|Any CPU.Build.0 = Release|Any CPU
		{1B97F9C1-D7DA-46BC-BBDA-F65BD07B373D}.Release|x64.ActiveCfg = Release|Any CPU
		{1B97F9C1-D7DA-46BC-BBDA-F65BD07B373D}.Release|x64.Build.0 = Release|Any CPU
		{1B97F9C1-D7DA-46BC-BBDA-F65BD07B373D}.Release|x86.ActiveCfg = Release|Any CPU
		{1B97F9C1-D7DA-46BC-BBDA-F65BD07B373D}.Release|x86.Build.0 = Release|Any CPU
		{B4557CDC-1F89-4B64-A09C-47664BF8C152}.Debug|Any CPU.ActiveCfg = Debug|Any CPU
		{B4557CDC-1F89-4B64-A09C-47664BF8C152}.Debug|Any CPU.Build.0 = Debug|Any CPU
		{B4557CDC-1F89-4B64-A09C-47664BF8C152}.Debug|x64.ActiveCfg = Debug|Any CPU
		{B4557CDC-1F89-4B64-A09C-47664BF8C152}.Debug|x64.Build.0 = Debug|Any CPU
		{B4557CDC-1F89-4B64-A09C-47664BF8C152}.Debug|x86.ActiveCfg = Debug|Any CPU
		{B4557CDC-1F89-4B64-A09C-47664BF8C152}.Debug|x86.Build.0 = Debug|Any CPU
		{B4557CDC-1F89-4B64-A09C-47664BF8C152}.Release|Any CPU.ActiveCfg = Release|Any CPU
		{B4557CDC-1F89-4B64-A09C-47664BF8C152}.Release|Any CPU.Build.0 = Release|Any CPU
		{B4557CDC-1F89-4B64-A09C-47664BF8C152}.Release|x64.ActiveCfg = Release|Any CPU
		{B4557CDC-1F89-4B64-A09C-47664BF8C152}.Release|x64.Build.0 = Release|Any CPU
		{B4557CDC-1F89-4B64-A09C-47664BF8C152}.Release|x86.ActiveCfg = Release|Any CPU
		{B4557CDC-1F89-4B64-A09C-47664BF8C152}.Release|x86.Build.0 = Release|Any CPU
		{DE6383CA-849C-4AAF-A067-EA4E8FBB83C6}.Debug|Any CPU.ActiveCfg = Debug|Any CPU
		{DE6383CA-849C-4AAF-A067-EA4E8FBB83C6}.Debug|Any CPU.Build.0 = Debug|Any CPU
		{DE6383CA-849C-4AAF-A067-EA4E8FBB83C6}.Debug|x64.ActiveCfg = Debug|Any CPU
		{DE6383CA-849C-4AAF-A067-EA4E8FBB83C6}.Debug|x64.Build.0 = Debug|Any CPU
		{DE6383CA-849C-4AAF-A067-EA4E8FBB83C6}.Debug|x86.ActiveCfg = Debug|Any CPU
		{DE6383CA-849C-4AAF-A067-EA4E8FBB83C6}.Debug|x86.Build.0 = Debug|Any CPU
		{DE6383CA-849C-4AAF-A067-EA4E8FBB83C6}.Release|Any CPU.ActiveCfg = Release|Any CPU
		{DE6383CA-849C-4AAF-A067-EA4E8FBB83C6}.Release|Any CPU.Build.0 = Release|Any CPU
		{DE6383CA-849C-4AAF-A067-EA4E8FBB83C6}.Release|x64.ActiveCfg = Release|Any CPU
		{DE6383CA-849C-4AAF-A067-EA4E8FBB83C6}.Release|x64.Build.0 = Release|Any CPU
		{DE6383CA-849C-4AAF-A067-EA4E8FBB83C6}.Release|x86.ActiveCfg = Release|Any CPU
		{DE6383CA-849C-4AAF-A067-EA4E8FBB83C6}.Release|x86.Build.0 = Release|Any CPU
		{4B8AF036-F4AB-49FC-96C5-F1F8C3D9A958}.Debug|Any CPU.ActiveCfg = Debug|Any CPU
		{4B8AF036-F4AB-49FC-96C5-F1F8C3D9A958}.Debug|Any CPU.Build.0 = Debug|Any CPU
		{4B8AF036-F4AB-49FC-96C5-F1F8C3D9A958}.Debug|x64.ActiveCfg = Debug|Any CPU
		{4B8AF036-F4AB-49FC-96C5-F1F8C3D9A958}.Debug|x64.Build.0 = Debug|Any CPU
		{4B8AF036-F4AB-49FC-96C5-F1F8C3D9A958}.Debug|x86.ActiveCfg = Debug|Any CPU
		{4B8AF036-F4AB-49FC-96C5-F1F8C3D9A958}.Debug|x86.Build.0 = Debug|Any CPU
		{4B8AF036-F4AB-49FC-96C5-F1F8C3D9A958}.Release|Any CPU.ActiveCfg = Release|Any CPU
		{4B8AF036-F4AB-49FC-96C5-F1F8C3D9A958}.Release|Any CPU.Build.0 = Release|Any CPU
		{4B8AF036-F4AB-49FC-96C5-F1F8C3D9A958}.Release|x64.ActiveCfg = Release|Any CPU
		{4B8AF036-F4AB-49FC-96C5-F1F8C3D9A958}.Release|x64.Build.0 = Release|Any CPU
		{4B8AF036-F4AB-49FC-96C5-F1F8C3D9A958}.Release|x86.ActiveCfg = Release|Any CPU
		{4B8AF036-F4AB-49FC-96C5-F1F8C3D9A958}.Release|x86.Build.0 = Release|Any CPU
		{B9C25E42-6AD0-4E9A-8127-2AF63CA04432}.Debug|Any CPU.ActiveCfg = Debug|Any CPU
		{B9C25E42-6AD0-4E9A-8127-2AF63CA04432}.Debug|Any CPU.Build.0 = Debug|Any CPU
		{B9C25E42-6AD0-4E9A-8127-2AF63CA04432}.Debug|x64.ActiveCfg = Debug|Any CPU
		{B9C25E42-6AD0-4E9A-8127-2AF63CA04432}.Debug|x64.Build.0 = Debug|Any CPU
		{B9C25E42-6AD0-4E9A-8127-2AF63CA04432}.Debug|x86.ActiveCfg = Debug|Any CPU
		{B9C25E42-6AD0-4E9A-8127-2AF63CA04432}.Debug|x86.Build.0 = Debug|Any CPU
		{B9C25E42-6AD0-4E9A-8127-2AF63CA04432}.Release|Any CPU.ActiveCfg = Release|Any CPU
		{B9C25E42-6AD0-4E9A-8127-2AF63CA04432}.Release|Any CPU.Build.0 = Release|Any CPU
		{B9C25E42-6AD0-4E9A-8127-2AF63CA04432}.Release|x64.ActiveCfg = Release|Any CPU
		{B9C25E42-6AD0-4E9A-8127-2AF63CA04432}.Release|x64.Build.0 = Release|Any CPU
		{B9C25E42-6AD0-4E9A-8127-2AF63CA04432}.Release|x86.ActiveCfg = Release|Any CPU
		{B9C25E42-6AD0-4E9A-8127-2AF63CA04432}.Release|x86.Build.0 = Release|Any CPU
	EndGlobalSection
	GlobalSection(SolutionProperties) = preSolution
		HideSolutionNode = FALSE
	EndGlobalSection
	GlobalSection(NestedProjects) = preSolution
		{DA8BE7C1-A3A4-41DC-ADA0-A4982B1C40BD} = {D82C56D6-B2CD-F611-9E31-04638F7EC30E}
		{BA596C22-E443-4A45-845B-86075B8248B3} = {D82C56D6-B2CD-F611-9E31-04638F7EC30E}
		{857F9A81-9534-4DFC-9CEA-7D23857D7C71} = {D82C56D6-B2CD-F611-9E31-04638F7EC30E}
		{1B97F9C1-D7DA-46BC-BBDA-F65BD07B373D} = {D82C56D6-B2CD-F611-9E31-04638F7EC30E}
		{B4557CDC-1F89-4B64-A09C-47664BF8C152} = {D82C56D6-B2CD-F611-9E31-04638F7EC30E}
		{DE6383CA-849C-4AAF-A067-EA4E8FBB83C6} = {A74F262E-BDE7-D5D2-89E9-785413424D0A}
		{4B8AF036-F4AB-49FC-96C5-F1F8C3D9A958} = {996CEBED-A05B-5D42-3FF0-982E087A2599}
		{B9C25E42-6AD0-4E9A-8127-2AF63CA04432} = {DFEE68D8-A7D0-1A41-506C-9B74AA9A7B7B}
	EndGlobalSection
EndGlobal
